
Microsoft Visual Studio Solution File, Format Version 12.00
Project("{2150E333-8FDC-42A3-9474-1A3956D46DE8}") = "Creationals", "Creationals", "{576441D5-20D5-4CE5-82AE-60592E78089E}"
EndProject
Project("{2150E333-8FDC-42A3-9474-1A3956D46DE8}") = "Comportamiento", "Comportamiento", "{FC1D824E-C555-4CFC-9732-A7D6A9A01E63}"
EndProject
Project("{2150E333-8FDC-42A3-9474-1A3956D46DE8}") = "Estructurales", "Estructurales", "{4505A525-DDD4-4C85-A63F-89DA2D12A7DB}"
EndProject
Project("{FAE04EC0-301F-11D3-BF4B-00C04F79EFBC}") = "Builder", "Builder\Builder.csproj", "{E7F7CF70-B2B2-4706-BC82-C3E54B1290E7}"
EndProject
Project("{FAE04EC0-301F-11D3-BF4B-00C04F79EFBC}") = "FactoryMethod", "FactoryMethod\FactoryMethod.csproj", "{32D10DC6-AEC9-4671-88F0-EB40F9FF6B08}"
EndProject
Project("{FAE04EC0-301F-11D3-BF4B-00C04F79EFBC}") = "ChainOfResponsability", "ChainOfResponsability\ChainOfResponsability.csproj", "{67E2FB79-A43D-4F96-A224-1D4AE6103938}"
EndProject
Project("{FAE04EC0-301F-11D3-BF4B-00C04F79EFBC}") = "Memento", "Memento\Memento.csproj", "{8CDE9E29-FFF6-40FB-945B-D2AC2C061199}"
EndProject
Project("{FAE04EC0-301F-11D3-BF4B-00C04F79EFBC}") = "Proxy", "Proxy\Proxy.csproj", "{BA5AA088-B5CD-49A7-9B08-F7E34A19BC7C}"
EndProject
Project("{FAE04EC0-301F-11D3-BF4B-00C04F79EFBC}") = "Decorator", "Decorator\Decorator.csproj", "{F7D9493C-7DF5-4E50-892F-EF8325873A45}"
EndProject
Project("{FAE04EC0-301F-11D3-BF4B-00C04F79EFBC}") = "Singleton", "Singleton\Singleton.csproj", "{B0B5A138-A64C-453B-967F-A616720EE650}"
EndProject
Project("{FAE04EC0-301F-11D3-BF4B-00C04F79EFBC}") = "Mediator", "Mediator\Mediator.csproj", "{EC93230A-2568-414C-9917-FC9CE11B21A3}"
EndProject
Project("{FAE04EC0-301F-11D3-BF4B-00C04F79EFBC}") = "Observer", "Observer\Observer.csproj", "{5712ABDD-9883-4963-88EA-720AFBB4C0A6}"
EndProject
Project("{FAE04EC0-301F-11D3-BF4B-00C04F79EFBC}") = "Adapter", "Adapter\Adapter.csproj", "{A8BF8E3B-5AB7-49D1-B734-0B449D5EF701}"
EndProject
Project("{FAE04EC0-301F-11D3-BF4B-00C04F79EFBC}") = "Facade", "Facade\Facade.csproj", "{90E57148-F708-4984-A19B-C1D364E82B9D}"
EndProject
Project("{FAE04EC0-301F-11D3-BF4B-00C04F79EFBC}") = "Strategy", "Strategy\Strategy.csproj", "{62B6AC4F-025F-4F06-838F-9A63462B0F55}"
EndProject
Global
	GlobalSection(SolutionConfigurationPlatforms) = preSolution
		Debug|Any CPU = Debug|Any CPU
		Release|Any CPU = Release|Any CPU
	EndGlobalSection
	GlobalSection(ProjectConfigurationPlatforms) = postSolution
		{E7F7CF70-B2B2-4706-BC82-C3E54B1290E7}.Debug|Any CPU.ActiveCfg = Debug|Any CPU
		{E7F7CF70-B2B2-4706-BC82-C3E54B1290E7}.Debug|Any CPU.Build.0 = Debug|Any CPU
		{E7F7CF70-B2B2-4706-BC82-C3E54B1290E7}.Release|Any CPU.ActiveCfg = Release|Any CPU
		{E7F7CF70-B2B2-4706-BC82-C3E54B1290E7}.Release|Any CPU.Build.0 = Release|Any CPU
		{32D10DC6-AEC9-4671-88F0-EB40F9FF6B08}.Debug|Any CPU.ActiveCfg = Debug|Any CPU
		{32D10DC6-AEC9-4671-88F0-EB40F9FF6B08}.Debug|Any CPU.Build.0 = Debug|Any CPU
		{32D10DC6-AEC9-4671-88F0-EB40F9FF6B08}.Release|Any CPU.ActiveCfg = Release|Any CPU
		{32D10DC6-AEC9-4671-88F0-EB40F9FF6B08}.Release|Any CPU.Build.0 = Release|Any CPU
		{67E2FB79-A43D-4F96-A224-1D4AE6103938}.Debug|Any CPU.ActiveCfg = Debug|Any CPU
		{67E2FB79-A43D-4F96-A224-1D4AE6103938}.Debug|Any CPU.Build.0 = Debug|Any CPU
		{67E2FB79-A43D-4F96-A224-1D4AE6103938}.Release|Any CPU.ActiveCfg = Release|Any CPU
		{67E2FB79-A43D-4F96-A224-1D4AE6103938}.Release|Any CPU.Build.0 = Release|Any CPU
		{8CDE9E29-FFF6-40FB-945B-D2AC2C061199}.Debug|Any CPU.ActiveCfg = Debug|Any CPU
		{8CDE9E29-FFF6-40FB-945B-D2AC2C061199}.Debug|Any CPU.Build.0 = Debug|Any CPU
		{8CDE9E29-FFF6-40FB-945B-D2AC2C061199}.Release|Any CPU.ActiveCfg = Release|Any CPU
		{8CDE9E29-FFF6-40FB-945B-D2AC2C061199}.Release|Any CPU.Build.0 = Release|Any CPU
		{BA5AA088-B5CD-49A7-9B08-F7E34A19BC7C}.Debug|Any CPU.ActiveCfg = Debug|Any CPU
		{BA5AA088-B5CD-49A7-9B08-F7E34A19BC7C}.Debug|Any CPU.Build.0 = Debug|Any CPU
		{BA5AA088-B5CD-49A7-9B08-F7E34A19BC7C}.Release|Any CPU.ActiveCfg = Release|Any CPU
		{BA5AA088-B5CD-49A7-9B08-F7E34A19BC7C}.Release|Any CPU.Build.0 = Release|Any CPU
		{F7D9493C-7DF5-4E50-892F-EF8325873A45}.Debug|Any CPU.ActiveCfg = Debug|Any CPU
		{F7D9493C-7DF5-4E50-892F-EF8325873A45}.Debug|Any CPU.Build.0 = Debug|Any CPU
		{F7D9493C-7DF5-4E50-892F-EF8325873A45}.Release|Any CPU.ActiveCfg = Release|Any CPU
		{F7D9493C-7DF5-4E50-892F-EF8325873A45}.Release|Any CPU.Build.0 = Release|Any CPU
		{B0B5A138-A64C-453B-967F-A616720EE650}.Debug|Any CPU.ActiveCfg = Debug|Any CPU
		{B0B5A138-A64C-453B-967F-A616720EE650}.Debug|Any CPU.Build.0 = Debug|Any CPU
		{B0B5A138-A64C-453B-967F-A616720EE650}.Release|Any CPU.ActiveCfg = Release|Any CPU
		{B0B5A138-A64C-453B-967F-A616720EE650}.Release|Any CPU.Build.0 = Release|Any CPU
		{EC93230A-2568-414C-9917-FC9CE11B21A3}.Debug|Any CPU.ActiveCfg = Debug|Any CPU
		{EC93230A-2568-414C-9917-FC9CE11B21A3}.Debug|Any CPU.Build.0 = Debug|Any CPU
		{EC93230A-2568-414C-9917-FC9CE11B21A3}.Release|Any CPU.ActiveCfg = Release|Any CPU
		{EC93230A-2568-414C-9917-FC9CE11B21A3}.Release|Any CPU.Build.0 = Release|Any CPU
		{5712ABDD-9883-4963-88EA-720AFBB4C0A6}.Debug|Any CPU.ActiveCfg = Debug|Any CPU
		{5712ABDD-9883-4963-88EA-720AFBB4C0A6}.Debug|Any CPU.Build.0 = Debug|Any CPU
		{5712ABDD-9883-4963-88EA-720AFBB4C0A6}.Release|Any CPU.ActiveCfg = Release|Any CPU
		{5712ABDD-9883-4963-88EA-720AFBB4C0A6}.Release|Any CPU.Build.0 = Release|Any CPU
		{A8BF8E3B-5AB7-49D1-B734-0B449D5EF701}.Debug|Any CPU.ActiveCfg = Debug|Any CPU
		{A8BF8E3B-5AB7-49D1-B734-0B449D5EF701}.Debug|Any CPU.Build.0 = Debug|Any CPU
		{A8BF8E3B-5AB7-49D1-B734-0B449D5EF701}.Release|Any CPU.ActiveCfg = Release|Any CPU
		{A8BF8E3B-5AB7-49D1-B734-0B449D5EF701}.Release|Any CPU.Build.0 = Release|Any CPU
		{90E57148-F708-4984-A19B-C1D364E82B9D}.Debug|Any CPU.ActiveCfg = Debug|Any CPU
		{90E57148-F708-4984-A19B-C1D364E82B9D}.Debug|Any CPU.Build.0 = Debug|Any CPU
		{90E57148-F708-4984-A19B-C1D364E82B9D}.Release|Any CPU.ActiveCfg = Release|Any CPU
		{90E57148-F708-4984-A19B-C1D364E82B9D}.Release|Any CPU.Build.0 = Release|Any CPU
		{62B6AC4F-025F-4F06-838F-9A63462B0F55}.Debug|Any CPU.ActiveCfg = Debug|Any CPU
		{62B6AC4F-025F-4F06-838F-9A63462B0F55}.Debug|Any CPU.Build.0 = Debug|Any CPU
		{62B6AC4F-025F-4F06-838F-9A63462B0F55}.Release|Any CPU.ActiveCfg = Release|Any CPU
		{62B6AC4F-025F-4F06-838F-9A63462B0F55}.Release|Any CPU.Build.0 = Release|Any CPU
	EndGlobalSection
	GlobalSection(NestedProjects) = preSolution
		{E7F7CF70-B2B2-4706-BC82-C3E54B1290E7} = {576441D5-20D5-4CE5-82AE-60592E78089E}
		{32D10DC6-AEC9-4671-88F0-EB40F9FF6B08} = {576441D5-20D5-4CE5-82AE-60592E78089E}
		{67E2FB79-A43D-4F96-A224-1D4AE6103938} = {FC1D824E-C555-4CFC-9732-A7D6A9A01E63}
		{8CDE9E29-FFF6-40FB-945B-D2AC2C061199} = {FC1D824E-C555-4CFC-9732-A7D6A9A01E63}
		{BA5AA088-B5CD-49A7-9B08-F7E34A19BC7C} = {4505A525-DDD4-4C85-A63F-89DA2D12A7DB}
		{F7D9493C-7DF5-4E50-892F-EF8325873A45} = {4505A525-DDD4-4C85-A63F-89DA2D12A7DB}
		{B0B5A138-A64C-453B-967F-A616720EE650} = {576441D5-20D5-4CE5-82AE-60592E78089E}
		{EC93230A-2568-414C-9917-FC9CE11B21A3} = {FC1D824E-C555-4CFC-9732-A7D6A9A01E63}
		{5712ABDD-9883-4963-88EA-720AFBB4C0A6} = {FC1D824E-C555-4CFC-9732-A7D6A9A01E63}
		{A8BF8E3B-5AB7-49D1-B734-0B449D5EF701} = {4505A525-DDD4-4C85-A63F-89DA2D12A7DB}
		{90E57148-F708-4984-A19B-C1D364E82B9D} = {4505A525-DDD4-4C85-A63F-89DA2D12A7DB}
	EndGlobalSection
EndGlobal
